
Microsoft Visual Studio Solution File, Format Version 12.00
# Visual Studio 15
VisualStudioVersion = 15.0.28010.2048
MinimumVisualStudioVersion = 10.0.40219.1
Project("{FAE04EC0-301F-11D3-BF4B-00C04F79EFBC}") = "KutuphaneOtomasyonu.App", "KutuphaneOtomasyonu.App\KutuphaneOtomasyonu.App.csproj", "{7F644518-BD71-4B4F-95E3-A026A254F898}"
EndProject
Project("{FAE04EC0-301F-11D3-BF4B-00C04F79EFBC}") = "MODEL", "MODEL\MODEL.csproj", "{B2CFF9F6-0CA7-45BF-9C35-7C3C44CEB7BA}"
EndProject
Global
	GlobalSection(SolutionConfigurationPlatforms) = preSolution
		Debug|Any CPU = Debug|Any CPU
		Release|Any CPU = Release|Any CPU
	EndGlobalSection
	GlobalSection(ProjectConfigurationPlatforms) = postSolution
		{7F644518-BD71-4B4F-95E3-A026A254F898}.Debug|Any CPU.ActiveCfg = Debug|Any CPU
		{7F644518-BD71-4B4F-95E3-A026A254F898}.Debug|Any CPU.Build.0 = Debug|Any CPU
		{7F644518-BD71-4B4F-95E3-A026A254F898}.Release|Any CPU.ActiveCfg = Release|Any CPU
		{7F644518-BD71-4B4F-95E3-A026A254F898}.Release|Any CPU.Build.0 = Release|Any CPU
		{B2CFF9F6-0CA7-45BF-9C35-7C3C44CEB7BA}.Debug|Any CPU.ActiveCfg = Debug|Any CPU
		{B2CFF9F6-0CA7-45BF-9C35-7C3C44CEB7BA}.Debug|Any CPU.Build.0 = Debug|Any CPU
		{B2CFF9F6-0CA7-45BF-9C35-7C3C44CEB7BA}.Release|Any CPU.ActiveCfg = Release|Any CPU
		{B2CFF9F6-0CA7-45BF-9C35-7C3C44CEB7BA}.Release|Any CPU.Build.0 = Release|Any CPU
	EndGlobalSection
	GlobalSection(SolutionProperties) = preSolution
		HideSolutionNode = FALSE
	EndGlobalSection
	GlobalSection(ExtensibilityGlobals) = postSolution
		SolutionGuid = {C4E5A2D5-45B6-4CC8-9F13-0C4B185A087F}
	EndGlobalSection
EndGlobal
